
Microsoft Visual Studio Solution File, Format Version 12.00
# Visual Studio 2013
VisualStudioVersion = 12.0.21005.1
MinimumVisualStudioVersion = 10.0.40219.1
Project("{FAE04EC0-301F-11D3-BF4B-00C04F79EFBC}") = "SisVentas", "SisVentas\SisVentas.csproj", "{69382F15-A022-445E-8603-17C9066B18BB}"
EndProject
Project("{FAE04EC0-301F-11D3-BF4B-00C04F79EFBC}") = "CapaDatos", "CapaDatos\CapaDatos.csproj", "{C9F3D21D-0F27-4C80-8976-04AFA799E73F}"
EndProject
Project("{FAE04EC0-301F-11D3-BF4B-00C04F79EFBC}") = "CapaNegocio", "CapaNegocio\CapaNegocio.csproj", "{C3DC98C7-E896-4B73-BF1F-52BA20BE9F01}"
EndProject
Project("{FAE04EC0-301F-11D3-BF4B-00C04F79EFBC}") = "CapaPresentacion", "CapaPresentacion\CapaPresentacion.csproj", "{8DE73EA9-3CC0-48F1-BD44-6299AD1F42B9}"
EndProject
Global
	GlobalSection(SolutionConfigurationPlatforms) = preSolution
		Debug|Any CPU = Debug|Any CPU
		Release|Any CPU = Release|Any CPU
	EndGlobalSection
	GlobalSection(ProjectConfigurationPlatforms) = postSolution
		{69382F15-A022-445E-8603-17C9066B18BB}.Debug|Any CPU.ActiveCfg = Debug|Any CPU
		{69382F15-A022-445E-8603-17C9066B18BB}.Debug|Any CPU.Build.0 = Debug|Any CPU
		{69382F15-A022-445E-8603-17C9066B18BB}.Release|Any CPU.ActiveCfg = Release|Any CPU
		{69382F15-A022-445E-8603-17C9066B18BB}.Release|Any CPU.Build.0 = Release|Any CPU
		{C9F3D21D-0F27-4C80-8976-04AFA799E73F}.Debug|Any CPU.ActiveCfg = Debug|Any CPU
		{C9F3D21D-0F27-4C80-8976-04AFA799E73F}.Debug|Any CPU.Build.0 = Debug|Any CPU
		{C9F3D21D-0F27-4C80-8976-04AFA799E73F}.Release|Any CPU.ActiveCfg = Release|Any CPU
		{C9F3D21D-0F27-4C80-8976-04AFA799E73F}.Release|Any CPU.Build.0 = Release|Any CPU
		{C3DC98C7-E896-4B73-BF1F-52BA20BE9F01}.Debug|Any CPU.ActiveCfg = Debug|Any CPU
		{C3DC98C7-E896-4B73-BF1F-52BA20BE9F01}.Debug|Any CPU.Build.0 = Debug|Any CPU
		{C3DC98C7-E896-4B73-BF1F-52BA20BE9F01}.Release|Any CPU.ActiveCfg = Release|Any CPU
		{C3DC98C7-E896-4B73-BF1F-52BA20BE9F01}.Release|Any CPU.Build.0 = Release|Any CPU
		{8DE73EA9-3CC0-48F1-BD44-6299AD1F42B9}.Debug|Any CPU.ActiveCfg = Debug|Any CPU
		{8DE73EA9-3CC0-48F1-BD44-6299AD1F42B9}.Debug|Any CPU.Build.0 = Debug|Any CPU
		{8DE73EA9-3CC0-48F1-BD44-6299AD1F42B9}.Release|Any CPU.ActiveCfg = Release|Any CPU
		{8DE73EA9-3CC0-48F1-BD44-6299AD1F42B9}.Release|Any CPU.Build.0 = Release|Any CPU
	EndGlobalSection
	GlobalSection(SolutionProperties) = preSolution
		HideSolutionNode = FALSE
	EndGlobalSection
EndGlobal
